// !$*UTF8*$!
{
	archiveVersion = 1;
	classes = {
	};
	objectVersion = 77;
	objects = {

/* Begin PBXContainerItemProxy section */
		6A8A3CB72EAA0BA100E72022 /* PBXContainerItemProxy */ = {
			isa = PBXContainerItemProxy;
			containerPortal = 6A8A3CA12EAA0B9C00E72022 /* Project object */;
			proxyType = 1;
			remoteGlobalIDString = 6A8A3CA82EAA0B9C00E72022;
			remoteInfo = Friendface;
		};
		6A8A3CC12EAA0BA100E72022 /* PBXContainerItemProxy */ = {
			isa = PBXContainerItemProxy;
			containerPortal = 6A8A3CA12EAA0B9C00E72022 /* Project object */;
			proxyType = 1;
			remoteGlobalIDString = 6A8A3CA82EAA0B9C00E72022;
			remoteInfo = Friendface;
		};
/* End PBXContainerItemProxy section */

/* Begin PBXFileReference section */
		6A8A3CA92EAA0B9C00E72022 /* Friendface.app */ = {isa = PBXFileReference; explicitFileType = wrapper.application; includeInIndex = 0; path = Friendface.app; sourceTree = BUILT_PRODUCTS_DIR; };
		6A8A3CB62EAA0BA100E72022 /* FriendfaceTests.xctest */ = {isa = PBXFileReference; explicitFileType = wrapper.cfbundle; includeInIndex = 0; path = FriendfaceTests.xctest; sourceTree = BUILT_PRODUCTS_DIR; };
		6A8A3CC02EAA0BA100E72022 /* FriendfaceUITests.xctest */ = {isa = PBXFileReference; explicitFileType = wrapper.cfbundle; includeInIndex = 0; path = FriendfaceUITests.xctest; sourceTree = BUILT_PRODUCTS_DIR; };
/* End PBXFileReference section */

/* Begin PBXFileSystemSynchronizedRootGroup section */
		6A8A3CAB2EAA0B9C00E72022 /* Friendface */ = {
			isa = PBXFileSystemSynchronizedRootGroup;
			path = Friendface;
			sourceTree = "<group>";
		};
		6A8A3CB92EAA0BA100E72022 /* FriendfaceTests */ = {
			isa = PBXFileSystemSynchronizedRootGroup;
			path = FriendfaceTests;
			sourceTree = "<group>";
		};
		6A8A3CC32EAA0BA100E72022 /* FriendfaceUITests */ = {
			isa = PBXFileSystemSynchronizedRootGroup;
			path = FriendfaceUITests;
			sourceTree = "<group>";
		};
/* End PBXFileSystemSynchronizedRootGroup section */

/* Begin PBXFrameworksBuildPhase section */
		6A8A3CA62EAA0B9C00E72022 /* Frameworks */ = {
			isa = PBXFrameworksBuildPhase;
			buildActionMask = 2147483647;
			files = (
			);
			runOnlyForDeploymentPostprocessing = 0;
		};
		6A8A3CB32EAA0BA100E72022 /* Frameworks */ = {
			isa = PBXFrameworksBuildPhase;
			buildActionMask = 2147483647;
			files = (
			);
			runOnlyForDeploymentPostprocessing = 0;
		};
		6A8A3CBD2EAA0BA100E72022 /* Frameworks */ = {
			isa = PBXFrameworksBuildPhase;
			buildActionMask = 2147483647;
			files = (
			);
			runOnlyForDeploymentPostprocessing = 0;
		};
/* End PBXFrameworksBuildPhase section */

/* Begin PBXGroup section */
		6A8A3CA02EAA0B9C00E72022 = {
			isa = PBXGroup;
			children = (
				6A8A3CAB2EAA0B9C00E72022 /* Friendface */,
				6A8A3CB92EAA0BA100E72022 /* FriendfaceTests */,
				6A8A3CC32EAA0BA100E72022 /* FriendfaceUITests */,
				6A8A3CAA2EAA0B9C00E72022 /* Products */,
			);
			sourceTree = "<group>";
		};
		6A8A3CAA2EAA0B9C00E72022 /* Products */ = {
			isa = PBXGroup;
			children = (
				6A8A3CA92EAA0B9C00E72022 /* Friendface.app */,
				6A8A3CB62EAA0BA100E72022 /* FriendfaceTests.xctest */,
				6A8A3CC02EAA0BA100E72022 /* FriendfaceUITests.xctest */,
			);
			name = Products;
			sourceTree = "<group>";
		};
/* End PBXGroup section */

/* Begin PBXNativeTarget section */
		6A8A3CA82EAA0B9C00E72022 /* Friendface */ = {
			isa = PBXNativeTarget;
			buildConfigurationList = 6A8A3CCA2EAA0BA100E72022 /* Build configuration list for PBXNativeTarget "Friendface" */;
			buildPhases = (
				6A8A3CA52EAA0B9C00E72022 /* Sources */,
				6A8A3CA62EAA0B9C00E72022 /* Frameworks */,
				6A8A3CA72EAA0B9C00E72022 /* Resources */,
			);
			buildRules = (
			);
			dependencies = (
			);
			fileSystemSynchronizedGroups = (
				6A8A3CAB2EAA0B9C00E72022 /* Friendface */,
			);
			name = Friendface;
			packageProductDependencies = (
			);
			productName = Friendface;
			productReference = 6A8A3CA92EAA0B9C00E72022 /* Friendface.app */;
			productType = "com.apple.product-type.application";
		};
		6A8A3CB52EAA0BA100E72022 /* FriendfaceTests */ = {
			isa = PBXNativeTarget;
			buildConfigurationList = 6A8A3CCD2EAA0BA100E72022 /* Build configuration list for PBXNativeTarget "FriendfaceTests" */;
			buildPhases = (
				6A8A3CB22EAA0BA100E72022 /* Sources */,
				6A8A3CB32EAA0BA100E72022 /* Frameworks */,
				6A8A3CB42EAA0BA100E72022 /* Resources */,
			);
			buildRules = (
			);
			dependencies = (
				6A8A3CB82EAA0BA100E72022 /* PBXTargetDependency */,
			);
			fileSystemSynchronizedGroups = (
				6A8A3CB92EAA0BA100E72022 /* FriendfaceTests */,
			);
			name = FriendfaceTests;
			packageProductDependencies = (
			);
			productName = FriendfaceTests;
			productReference = 6A8A3CB62EAA0BA100E72022 /* FriendfaceTests.xctest */;
			productType = "com.apple.product-type.bundle.unit-test";
		};
		6A8A3CBF2EAA0BA100E72022 /* FriendfaceUITests */ = {
			isa = PBXNativeTarget;
			buildConfigurationList = 6A8A3CD02EAA0BA100E72022 /* Build configuration list for PBXNativeTarget "FriendfaceUITests" */;
			buildPhases = (
				6A8A3CBC2EAA0BA100E72022 /* Sources */,
				6A8A3CBD2EAA0BA100E72022 /* Frameworks */,
				6A8A3CBE2EAA0BA100E72022 /* Resources */,
			);
			buildRules = (
			);
			dependencies = (
				6A8A3CC22EAA0BA100E72022 /* PBXTargetDependency */,
			);
			fileSystemSynchronizedGroups = (
				6A8A3CC32EAA0BA100E72022 /* FriendfaceUITests */,
			);
			name = FriendfaceUITests;
			packageProductDependencies = (
			);
			productName = FriendfaceUITests;
			productReference = 6A8A3CC02EAA0BA100E72022 /* FriendfaceUITests.xctest */;
			productType = "com.apple.product-type.bundle.ui-testing";
		};
/* End PBXNativeTarget section */

/* Begin PBXProject section */
		6A8A3CA12EAA0B9C00E72022 /* Project object */ = {
			isa = PBXProject;
			attributes = {
				BuildIndependentTargetsInParallel = 1;
				LastSwiftUpdateCheck = 2600;
				LastUpgradeCheck = 2600;
				TargetAttributes = {
					6A8A3CA82EAA0B9C00E72022 = {
						CreatedOnToolsVersion = 26.0.1;
					};
					6A8A3CB52EAA0BA100E72022 = {
						CreatedOnToolsVersion = 26.0.1;
						TestTargetID = 6A8A3CA82EAA0B9C00E72022;
					};
					6A8A3CBF2EAA0BA100E72022 = {
						CreatedOnToolsVersion = 26.0.1;
						TestTargetID = 6A8A3CA82EAA0B9C00E72022;
					};
				};
			};
			buildConfigurationList = 6A8A3CA42EAA0B9C00E72022 /* Build configuration list for PBXProject "Friendface" */;
			developmentRegion = en;
			hasScannedForEncodings = 0;
			knownRegions = (
				en,
				Base,
			);
			mainGroup = 6A8A3CA02EAA0B9C00E72022;
			minimizedProjectReferenceProxies = 1;
			preferredProjectObjectVersion = 77;
			productRefGroup = 6A8A3CAA2EAA0B9C00E72022 /* Products */;
			projectDirPath = "";
			projectRoot = "";
			targets = (
				6A8A3CA82EAA0B9C00E72022 /* Friendface */,
				6A8A3CB52EAA0BA100E72022 /* FriendfaceTests */,
				6A8A3CBF2EAA0BA100E72022 /* FriendfaceUITests */,
			);
		};
/* End PBXProject section */

/* Begin PBXResourcesBuildPhase section */
		6A8A3CA72EAA0B9C00E72022 /* Resources */ = {
			isa = PBXResourcesBuildPhase;
			buildActionMask = 2147483647;
			files = (
			);
			runOnlyForDeploymentPostprocessing = 0;
		};
		6A8A3CB42EAA0BA100E72022 /* Resources */ = {
			isa = PBXResourcesBuildPhase;
			buildActionMask = 2147483647;
			files = (
			);
			runOnlyForDeploymentPostprocessing = 0;
		};
		6A8A3CBE2EAA0BA100E72022 /* Resources */ = {
			isa = PBXResourcesBuildPhase;
			buildActionMask = 2147483647;
			files = (
			);
			runOnlyForDeploymentPostprocessing = 0;
		};
/* End PBXResourcesBuildPhase section */

/* Begin PBXSourcesBuildPhase section */
		6A8A3CA52EAA0B9C00E72022 /* Sources */ = {
			isa = PBXSourcesBuildPhase;
			buildActionMask = 2147483647;
			files = (
			);
			runOnlyForDeploymentPostprocessing = 0;
		};
		6A8A3CB22EAA0BA100E72022 /* Sources */ = {
			isa = PBXSourcesBuildPhase;
			buildActionMask = 2147483647;
			files = (
			);
			runOnlyForDeploymentPostprocessing = 0;
		};
		6A8A3CBC2EAA0BA100E72022 /* Sources */ = {
			isa = PBXSourcesBuildPhase;
			buildActionMask = 2147483647;
			files = (
			);
			runOnlyForDeploymentPostprocessing = 0;
		};
/* End PBXSourcesBuildPhase section */

/* Begin PBXTargetDependency section */
		6A8A3CB82EAA0BA100E72022 /* PBXTargetDependency */ = {
			isa = PBXTargetDependency;
			target = 6A8A3CA82EAA0B9C00E72022 /* Friendface */;
			targetProxy = 6A8A3CB72EAA0BA100E72022 /* PBXContainerItemProxy */;
		};
		6A8A3CC22EAA0BA100E72022 /* PBXTargetDependency */ = {
			isa = PBXTargetDependency;
			target = 6A8A3CA82EAA0B9C00E72022 /* Friendface */;
			targetProxy = 6A8A3CC12EAA0BA100E72022 /* PBXContainerItemProxy */;
		};
/* End PBXTargetDependency section */

/* Begin XCBuildConfiguration section */
		6A8A3CC82EAA0BA100E72022 /* Debug */ = {
			isa = XCBuildConfiguration;
			buildSettings = {
				ALWAYS_SEARCH_USER_PATHS = NO;
				ASSETCATALOG_COMPILER_GENERATE_SWIFT_ASSET_SYMBOL_EXTENSIONS = YES;
				CLANG_ANALYZER_NONNULL = YES;
				CLANG_ANALYZER_NUMBER_OBJECT_CONVERSION = YES_AGGRESSIVE;
				CLANG_CXX_LANGUAGE_STANDARD = "gnu++20";
				CLANG_ENABLE_MODULES = YES;
				CLANG_ENABLE_OBJC_ARC = YES;
				CLANG_ENABLE_OBJC_WEAK = YES;
				CLANG_WARN_BLOCK_CAPTURE_AUTORELEASING = YES;
				CLANG_WARN_BOOL_CONVERSION = YES;
				CLANG_WARN_COMMA = YES;
				CLANG_WARN_CONSTANT_CONVERSION = YES;
				CLANG_WARN_DEPRECATED_OBJC_IMPLEMENTATIONS = YES;
				CLANG_WARN_DIRECT_OBJC_ISA_USAGE = YES_ERROR;
				CLANG_WARN_DOCUMENTATION_COMMENTS = YES;
				CLANG_WARN_EMPTY_BODY = YES;
				CLANG_WARN_ENUM_CONVERSION = YES;
				CLANG_WARN_INFINITE_RECURSION = YES;
				CLANG_WARN_INT_CONVERSION = YES;
				CLANG_WARN_NON_LITERAL_NULL_CONVERSION = YES;
				CLANG_WARN_OBJC_IMPLICIT_RETAIN_SELF = YES;
				CLANG_WARN_OBJC_LITERAL_CONVERSION = YES;
				CLANG_WARN_OBJC_ROOT_CLASS = YES_ERROR;
				CLANG_WARN_QUOTED_INCLUDE_IN_FRAMEWORK_HEADER = YES;
				CLANG_WARN_RANGE_LOOP_ANALYSIS = YES;
				CLANG_WARN_STRICT_PROTOTYPES = YES;
				CLANG_WARN_SUSPICIOUS_MOVE = YES;
				CLANG_WARN_UNGUARDED_AVAILABILITY = YES_AGGRESSIVE;
				CLANG_WARN_UNREACHABLE_CODE = YES;
				CLANG_WARN__DUPLICATE_METHOD_MATCH = YES;
				COPY_PHASE_STRIP = NO;
				DEBUG_INFORMATION_FORMAT = dwarf;
				ENABLE_STRICT_OBJC_MSGSEND = YES;
				ENABLE_TESTABILITY = YES;
				ENABLE_USER_SCRIPT_SANDBOXING = YES;
				GCC_C_LANGUAGE_STANDARD = gnu17;
				GCC_DYNAMIC_NO_PIC = NO;
				GCC_NO_COMMON_BLOCKS = YES;
				GCC_OPTIMIZATION_LEVEL = 0;
				GCC_PREPROCESSOR_DEFINITIONS = (
					"DEBUG=1",
					"$(inherited)",
				);
				GCC_WARN_64_TO_32_BIT_CONVERSION = YES;
				GCC_WARN_ABOUT_RETURN_TYPE = YES_ERROR;
				GCC_WARN_UNDECLARED_SELECTOR = YES;
				GCC_WARN_UNINITIALIZED_AUTOS = YES_AGGRESSIVE;
				GCC_WARN_UNUSED_FUNCTION = YES;
				GCC_WARN_UNUSED_VARIABLE = YES;
				IPHONEOS_DEPLOYMENT_TARGET = 26.0;
				LOCALIZATION_PREFERS_STRING_CATALOGS = YES;
				MTL_ENABLE_DEBUG_INFO = INCLUDE_SOURCE;
				MTL_FAST_MATH = YES;
				ONLY_ACTIVE_ARCH = YES;
				SDKROOT = iphoneos;
				SWIFT_ACTIVE_COMPILATION_CONDITIONS = "DEBUG $(inherited)";
				SWIFT_OPTIMIZATION_LEVEL = "-Onone";
			};
			name = Debug;
		};
		6A8A3CC92EAA0BA100E72022 /* Release */ = {
			isa = XCBuildConfiguration;
			buildSettings = {
				ALWAYS_SEARCH_USER_PATHS = NO;
				ASSETCATALOG_COMPILER_GENERATE_SWIFT_ASSET_SYMBOL_EXTENSIONS = YES;
				CLANG_ANALYZER_NONNULL = YES;
				CLANG_ANALYZER_NUMBER_OBJECT_CONVERSION = YES_AGGRESSIVE;
				CLANG_CXX_LANGUAGE_STANDARD = "gnu++20";
				CLANG_ENABLE_MODULES = YES;
				CLANG_ENABLE_OBJC_ARC = YES;
				CLANG_ENABLE_OBJC_WEAK = YES;
				CLANG_WARN_BLOCK_CAPTURE_AUTORELEASING = YES;
				CLANG_WARN_BOOL_CONVERSION = YES;
				CLANG_WARN_COMMA = YES;
				CLANG_WARN_CONSTANT_CONVERSION = YES;
				CLANG_WARN_DEPRECATED_OBJC_IMPLEMENTATIONS = YES;
				CLANG_WARN_DIRECT_OBJC_ISA_USAGE = YES_ERROR;
				CLANG_WARN_DOCUMENTATION_COMMENTS = YES;
				CLANG_WARN_EMPTY_BODY = YES;
				CLANG_WARN_ENUM_CONVERSION = YES;
				CLANG_WARN_INFINITE_RECURSION = YES;
				CLANG_WARN_INT_CONVERSION = YES;
				CLANG_WARN_NON_LITERAL_NULL_CONVERSION = YES;
				CLANG_WARN_OBJC_IMPLICIT_RETAIN_SELF = YES;
				CLANG_WARN_OBJC_LITERAL_CONVERSION = YES;
				CLANG_WARN_OBJC_ROOT_CLASS = YES_ERROR;
				CLANG_WARN_QUOTED_INCLUDE_IN_FRAMEWORK_HEADER = YES;
				CLANG_WARN_RANGE_LOOP_ANALYSIS = YES;
				CLANG_WARN_STRICT_PROTOTYPES = YES;
				CLANG_WARN_SUSPICIOUS_MOVE = YES;
				CLANG_WARN_UNGUARDED_AVAILABILITY = YES_AGGRESSIVE;
				CLANG_WARN_UNREACHABLE_CODE = YES;
				CLANG_WARN__DUPLICATE_METHOD_MATCH = YES;
				COPY_PHASE_STRIP = NO;
				DEBUG_INFORMATION_FORMAT = "dwarf-with-dsym";
				ENABLE_NS_ASSERTIONS = NO;
				ENABLE_STRICT_OBJC_MSGSEND = YES;
				ENABLE_USER_SCRIPT_SANDBOXING = YES;
				GCC_C_LANGUAGE_STANDARD = gnu17;
				GCC_NO_COMMON_BLOCKS = YES;
				GCC_WARN_64_TO_32_BIT_CONVERSION = YES;
				GCC_WARN_ABOUT_RETURN_TYPE = YES_ERROR;
				GCC_WARN_UNDECLARED_SELECTOR = YES;
				GCC_WARN_UNINITIALIZED_AUTOS = YES_AGGRESSIVE;
				GCC_WARN_UNUSED_FUNCTION = YES;
				GCC_WARN_UNUSED_VARIABLE = YES;
				IPHONEOS_DEPLOYMENT_TARGET = 26.0;
				LOCALIZATION_PREFERS_STRING_CATALOGS = YES;
				MTL_ENABLE_DEBUG_INFO = NO;
				MTL_FAST_MATH = YES;
				SDKROOT = iphoneos;
				SWIFT_COMPILATION_MODE = wholemodule;
				VALIDATE_PRODUCT = YES;
			};
			name = Release;
		};
		6A8A3CCB2EAA0BA100E72022 /* Debug */ = {
			isa = XCBuildConfiguration;
			buildSettings = {
				ASSETCATALOG_COMPILER_APPICON_NAME = AppIcon;
				ASSETCATALOG_COMPILER_GLOBAL_ACCENT_COLOR_NAME = AccentColor;
				CODE_SIGN_STYLE = Automatic;
				CURRENT_PROJECT_VERSION = 1;
				ENABLE_PREVIEWS = YES;
				GENERATE_INFOPLIST_FILE = YES;
				INFOPLIST_KEY_UIApplicationSceneManifest_Generation = YES;
				INFOPLIST_KEY_UIApplicationSupportsIndirectInputEvents = YES;
				INFOPLIST_KEY_UILaunchScreen_Generation = YES;
				INFOPLIST_KEY_UISupportedInterfaceOrientations_iPad = "UIInterfaceOrientationPortrait UIInterfaceOrientationPortraitUpsideDown UIInterfaceOrientationLandscapeLeft UIInterfaceOrientationLandscapeRight";
				INFOPLIST_KEY_UISupportedInterfaceOrientations_iPhone = "UIInterfaceOrientationPortrait UIInterfaceOrientationLandscapeLeft UIInterfaceOrientationLandscapeRight";
				LD_RUNPATH_SEARCH_PATHS = (
					"$(inherited)",
					"@executable_path/Frameworks",
				);
				MARKETING_VERSION = 1.0;
				PRODUCT_BUNDLE_IDENTIFIER = me.nikolov.veselin.Friendface;
				PRODUCT_NAME = "$(TARGET_NAME)";
				STRING_CATALOG_GENERATE_SYMBOLS = YES;
				SWIFT_APPROACHABLE_CONCURRENCY = YES;
				SWIFT_DEFAULT_ACTOR_ISOLATION = MainActor;
				SWIFT_EMIT_LOC_STRINGS = YES;
				SWIFT_UPCOMING_FEATURE_MEMBER_IMPORT_VISIBILITY = YES;
				SWIFT_VERSION = 5.0;
				TARGETED_DEVICE_FAMILY = "1,2";
			};
			name = Debug;
		};
		6A8A3CCC2EAA0BA100E72022 /* Release */ = {
			isa = XCBuildConfiguration;
			buildSettings = {
				ASSETCATALOG_COMPILER_APPICON_NAME = AppIcon;
				ASSETCATALOG_COMPILER_GLOBAL_ACCENT_COLOR_NAME = AccentColor;
				CODE_SIGN_STYLE = Automatic;
				CURRENT_PROJECT_VERSION = 1;
				ENABLE_PREVIEWS = YES;
				GENERATE_INFOPLIST_FILE = YES;
				INFOPLIST_KEY_UIApplicationSceneManifest_Generation = YES;
				INFOPLIST_KEY_UIApplicationSupportsIndirectInputEvents = YES;
				INFOPLIST_KEY_UILaunchScreen_Generation = YES;
				INFOPLIST_KEY_UISupportedInterfaceOrientations_iPad = "UIInterfaceOrientationPortrait UIInterfaceOrientationPortraitUpsideDown UIInterfaceOrientationLandscapeLeft UIInterfaceOrientationLandscapeRight";
				INFOPLIST_KEY_UISupportedInterfaceOrientations_iPhone = "UIInterfaceOrientationPortrait UIInterfaceOrientationLandscapeLeft UIInterfaceOrientationLandscapeRight";
				LD_RUNPATH_SEARCH_PATHS = (
					"$(inherited)",
					"@executable_path/Frameworks",
				);
				MARKETING_VERSION = 1.0;
				PRODUCT_BUNDLE_IDENTIFIER = me.nikolov.veselin.Friendface;
				PRODUCT_NAME = "$(TARGET_NAME)";
				STRING_CATALOG_GENERATE_SYMBOLS = YES;
				SWIFT_APPROACHABLE_CONCURRENCY = YES;
				SWIFT_DEFAULT_ACTOR_ISOLATION = MainActor;
				SWIFT_EMIT_LOC_STRINGS = YES;
				SWIFT_UPCOMING_FEATURE_MEMBER_IMPORT_VISIBILITY = YES;
				SWIFT_VERSION = 5.0;
				TARGETED_DEVICE_FAMILY = "1,2";
			};
			name = Release;
		};
		6A8A3CCE2EAA0BA100E72022 /* Debug */ = {
			isa = XCBuildConfiguration;
			buildSettings = {
				BUNDLE_LOADER = "$(TEST_HOST)";
				CODE_SIGN_STYLE = Automatic;
				CURRENT_PROJECT_VERSION = 1;
				GENERATE_INFOPLIST_FILE = YES;
				IPHONEOS_DEPLOYMENT_TARGET = 26.0;
				MARKETING_VERSION = 1.0;
				PRODUCT_BUNDLE_IDENTIFIER = me.nikolov.veselin.FriendfaceTests;
				PRODUCT_NAME = "$(TARGET_NAME)";
				STRING_CATALOG_GENERATE_SYMBOLS = NO;
				SWIFT_APPROACHABLE_CONCURRENCY = YES;
				SWIFT_EMIT_LOC_STRINGS = NO;
				SWIFT_UPCOMING_FEATURE_MEMBER_IMPORT_VISIBILITY = YES;
				SWIFT_VERSION = 5.0;
				TARGETED_DEVICE_FAMILY = "1,2";
				TEST_HOST = "$(BUILT_PRODUCTS_DIR)/Friendface.app/$(BUNDLE_EXECUTABLE_FOLDER_PATH)/Friendface";
			};
			name = Debug;
		};
		6A8A3CCF2EAA0BA100E72022 /* Release */ = {
			isa = XCBuildConfiguration;
			buildSettings = {
				BUNDLE_LOADER = "$(TEST_HOST)";
				CODE_SIGN_STYLE = Automatic;
				CURRENT_PROJECT_VERSION = 1;
				GENERATE_INFOPLIST_FILE = YES;
				IPHONEOS_DEPLOYMENT_TARGET = 26.0;
				MARKETING_VERSION = 1.0;
				PRODUCT_BUNDLE_IDENTIFIER = me.nikolov.veselin.FriendfaceTests;
				PRODUCT_NAME = "$(TARGET_NAME)";
				STRING_CATALOG_GENERATE_SYMBOLS = NO;
				SWIFT_APPROACHABLE_CONCURRENCY = YES;
				SWIFT_EMIT_LOC_STRINGS = NO;
				SWIFT_UPCOMING_FEATURE_MEMBER_IMPORT_VISIBILITY = YES;
				SWIFT_VERSION = 5.0;
				TARGETED_DEVICE_FAMILY = "1,2";
				TEST_HOST = "$(BUILT_PRODUCTS_DIR)/Friendface.app/$(BUNDLE_EXECUTABLE_FOLDER_PATH)/Friendface";
			};
			name = Release;
		};
		6A8A3CD12EAA0BA100E72022 /* Debug */ = {
			isa = XCBuildConfiguration;
			buildSettings = {
				CODE_SIGN_STYLE = Automatic;
				CURRENT_PROJECT_VERSION = 1;
				GENERATE_INFOPLIST_FILE = YES;
				MARKETING_VERSION = 1.0;
				PRODUCT_BUNDLE_IDENTIFIER = me.nikolov.veselin.FriendfaceUITests;
				PRODUCT_NAME = "$(TARGET_NAME)";
				STRING_CATALOG_GENERATE_SYMBOLS = NO;
				SWIFT_APPROACHABLE_CONCURRENCY = YES;
				SWIFT_EMIT_LOC_STRINGS = NO;
				SWIFT_UPCOMING_FEATURE_MEMBER_IMPORT_VISIBILITY = YES;
				SWIFT_VERSION = 5.0;
				TARGETED_DEVICE_FAMILY = "1,2";
				TEST_TARGET_NAME = Friendface;
			};
			name = Debug;
		};
		6A8A3CD22EAA0BA100E72022 /* Release */ = {
			isa = XCBuildConfiguration;
			buildSettings = {
				CODE_SIGN_STYLE = Automatic;
				CURRENT_PROJECT_VERSION = 1;
				GENERATE_INFOPLIST_FILE = YES;
				MARKETING_VERSION = 1.0;
				PRODUCT_BUNDLE_IDENTIFIER = me.nikolov.veselin.FriendfaceUITests;
				PRODUCT_NAME = "$(TARGET_NAME)";
				STRING_CATALOG_GENERATE_SYMBOLS = NO;
				SWIFT_APPROACHABLE_CONCURRENCY = YES;
				SWIFT_EMIT_LOC_STRINGS = NO;
				SWIFT_UPCOMING_FEATURE_MEMBER_IMPORT_VISIBILITY = YES;
				SWIFT_VERSION = 5.0;
				TARGETED_DEVICE_FAMILY = "1,2";
				TEST_TARGET_NAME = Friendface;
			};
			name = Release;
		};
/* End XCBuildConfiguration section */

/* Begin XCConfigurationList section */
		6A8A3CA42EAA0B9C00E72022 /* Build configuration list for PBXProject "Friendface" */ = {
			isa = XCConfigurationList;
			buildConfigurations = (
				6A8A3CC82EAA0BA100E72022 /* Debug */,
				6A8A3CC92EAA0BA100E72022 /* Release */,
			);
			defaultConfigurationIsVisible = 0;
			defaultConfigurationName = Release;
		};
		6A8A3CCA2EAA0BA100E72022 /* Build configuration list for PBXNativeTarget "Friendface" */ = {
			isa = XCConfigurationList;
			buildConfigurations = (
				6A8A3CCB2EAA0BA100E72022 /* Debug */,
				6A8A3CCC2EAA0BA100E72022 /* Release */,
			);
			defaultConfigurationIsVisible = 0;
			defaultConfigurationName = Release;
		};
		6A8A3CCD2EAA0BA100E72022 /* Build configuration list for PBXNativeTarget "FriendfaceTests" */ = {
			isa = XCConfigurationList;
			buildConfigurations = (
				6A8A3CCE2EAA0BA100E72022 /* Debug */,
				6A8A3CCF2EAA0BA100E72022 /* Release */,
			);
			defaultConfigurationIsVisible = 0;
			defaultConfigurationName = Release;
		};
		6A8A3CD02EAA0BA100E72022 /* Build configuration list for PBXNativeTarget "FriendfaceUITests" */ = {
			isa = XCConfigurationList;
			buildConfigurations = (
				6A8A3CD12EAA0BA100E72022 /* Debug */,
				6A8A3CD22EAA0BA100E72022 /* Release */,
			);
			defaultConfigurationIsVisible = 0;
			defaultConfigurationName = Release;
		};
/* End XCConfigurationList section */
	};
	rootObject = 6A8A3CA12EAA0B9C00E72022 /* Project object */;
}
